// !$*UTF8*$!
{
	archiveVersion = 1;
	classes = {
	};
	objectVersion = 46;
	objects = {

/* Begin PBXBuildFile section */
		137475B9019C43BEA67EE7A2 /* libPods-StredmiOS.a in Frameworks */ = {isa = PBXBuildFile; fileRef = 0A6B8851ADB34244A46385BA /* libPods-StredmiOS.a */; };
		52078D7818DD04AB0060F875 /* SDWebImage.framework in Frameworks */ = {isa = PBXBuildFile; fileRef = 52078D7718DD04AB0060F875 /* SDWebImage.framework */; };
		52078D7A18DD055F0060F875 /* ImageIO.framework in Frameworks */ = {isa = PBXBuildFile; fileRef = 52078D7918DD055F0060F875 /* ImageIO.framework */; };
		52078D7E18DD52500060F875 /* placeholder.jpg in Resources */ = {isa = PBXBuildFile; fileRef = 52078D7D18DD52500060F875 /* placeholder.jpg */; };
		522BC3921901ACFE00C8E482 /* MySetsViewController.m in Sources */ = {isa = PBXBuildFile; fileRef = 522BC3911901ACFE00C8E482 /* MySetsViewController.m */; };
		52D4D81818D92D23009676CB /* DiscoverViewController.m in Sources */ = {isa = PBXBuildFile; fileRef = 52D4D81718D92D23009676CB /* DiscoverViewController.m */; };
		52D4D81B18D92E2F009676CB /* DiscoverTableCell.m in Sources */ = {isa = PBXBuildFile; fileRef = 52D4D81A18D92E2F009676CB /* DiscoverTableCell.m */; };
		7A6ACA4718D67F0500231692 /* JNSettingsViewController.m in Sources */ = {isa = PBXBuildFile; fileRef = 7A6ACA4618D67F0500231692 /* JNSettingsViewController.m */; };
		7AB3DD671901DE3B00E0DBA1 /* Settings.bundle in Resources */ = {isa = PBXBuildFile; fileRef = 7AB3DD661901DE3B00E0DBA1 /* Settings.bundle */; };
		9E64CDD618BC8BB80043926E /* Foundation.framework in Frameworks */ = {isa = PBXBuildFile; fileRef = 9E64CDD518BC8BB80043926E /* Foundation.framework */; };
		9E64CDD818BC8BB80043926E /* CoreGraphics.framework in Frameworks */ = {isa = PBXBuildFile; fileRef = 9E64CDD718BC8BB80043926E /* CoreGraphics.framework */; };
		9E64CDDA18BC8BB80043926E /* UIKit.framework in Frameworks */ = {isa = PBXBuildFile; fileRef = 9E64CDD918BC8BB80043926E /* UIKit.framework */; };
		9E64CDE018BC8BB80043926E /* InfoPlist.strings in Resources */ = {isa = PBXBuildFile; fileRef = 9E64CDDE18BC8BB80043926E /* InfoPlist.strings */; };
		9E64CDE218BC8BB90043926E /* main.m in Sources */ = {isa = PBXBuildFile; fileRef = 9E64CDE118BC8BB90043926E /* main.m */; };
		9E64CDE618BC8BB90043926E /* JNAppDelegate.m in Sources */ = {isa = PBXBuildFile; fileRef = 9E64CDE518BC8BB90043926E /* JNAppDelegate.m */; };
		9E64CDE918BC8BB90043926E /* Main.storyboard in Resources */ = {isa = PBXBuildFile; fileRef = 9E64CDE718BC8BB90043926E /* Main.storyboard */; };
		9E64CDEE18BC8BB90043926E /* Images.xcassets in Resources */ = {isa = PBXBuildFile; fileRef = 9E64CDED18BC8BB90043926E /* Images.xcassets */; };
		9E64CDF518BC8BB90043926E /* XCTest.framework in Frameworks */ = {isa = PBXBuildFile; fileRef = 9E64CDF418BC8BB90043926E /* XCTest.framework */; };
		9E64CDF618BC8BB90043926E /* Foundation.framework in Frameworks */ = {isa = PBXBuildFile; fileRef = 9E64CDD518BC8BB80043926E /* Foundation.framework */; };
		9E64CDF718BC8BB90043926E /* UIKit.framework in Frameworks */ = {isa = PBXBuildFile; fileRef = 9E64CDD918BC8BB80043926E /* UIKit.framework */; };
		9E64CDFF18BC8BB90043926E /* InfoPlist.strings in Resources */ = {isa = PBXBuildFile; fileRef = 9E64CDFD18BC8BB90043926E /* InfoPlist.strings */; };
		9E64CE0118BC8BB90043926E /* StredmiOSTests.m in Sources */ = {isa = PBXBuildFile; fileRef = 9E64CE0018BC8BB90043926E /* StredmiOSTests.m */; };
		9E9ABF7318CD1209007A9897 /* JNMenuViewController.m in Sources */ = {isa = PBXBuildFile; fileRef = 9E9ABF7218CD1209007A9897 /* JNMenuViewController.m */; };
		C34C1312E9E349758EDBC502 /* libPods-StredmiOSTests.a in Frameworks */ = {isa = PBXBuildFile; fileRef = 2114F187D3F14E8BB4D0B88F /* libPods-StredmiOSTests.a */; };
		F803A54818DAEADF00FB7AE4 /* PlayerView.m in Sources */ = {isa = PBXBuildFile; fileRef = F803A54718DAEADF00FB7AE4 /* PlayerView.m */; };
		F803A54B18DAF72F00FB7AE4 /* UIImage+ImageEffects.m in Sources */ = {isa = PBXBuildFile; fileRef = F803A54A18DAF72F00FB7AE4 /* UIImage+ImageEffects.m */; };
		F82346DC18D5A54D00E804BD /* SearchResultViewController.m in Sources */ = {isa = PBXBuildFile; fileRef = F82346DB18D5A54D00E804BD /* SearchResultViewController.m */; };
		F83112F818D0CE1C001F3B5E /* BrowseTableCell.m in Sources */ = {isa = PBXBuildFile; fileRef = F83112F718D0CE1C001F3B5E /* BrowseTableCell.m */; };
		F83315281906E8650051F269 /* playlist.png in Resources */ = {isa = PBXBuildFile; fileRef = F83315271906E8650051F269 /* playlist.png */; };
		F833152B1906F0C80051F269 /* menu-icon.png in Resources */ = {isa = PBXBuildFile; fileRef = F83315291906F0C80051F269 /* menu-icon.png */; };
		F833152C1906F0C80051F269 /* menu-icon@2x.png in Resources */ = {isa = PBXBuildFile; fileRef = F833152A1906F0C80051F269 /* menu-icon@2x.png */; };
		F839315718FC372C00032BFF /* AVFoundation.framework in Frameworks */ = {isa = PBXBuildFile; fileRef = F839315518FC372C00032BFF /* AVFoundation.framework */; };
		F839315818FC372C00032BFF /* MediaPlayer.framework in Frameworks */ = {isa = PBXBuildFile; fileRef = F839315618FC372C00032BFF /* MediaPlayer.framework */; };
		F839315B18FC416500032BFF /* RemoteApplication.m in Sources */ = {isa = PBXBuildFile; fileRef = F839315A18FC416500032BFF /* RemoteApplication.m */; };
		F84826671901478F00F95A47 /* BrowseViewController.m in Sources */ = {isa = PBXBuildFile; fileRef = F84826661901478F00F95A47 /* BrowseViewController.m */; };
		F848266B1901481700F95A47 /* SettingsViewController.m in Sources */ = {isa = PBXBuildFile; fileRef = F848266A1901481700F95A47 /* SettingsViewController.m */; };
		F87CDB0018D4E6ED00D0C1A8 /* HomeViewController.m in Sources */ = {isa = PBXBuildFile; fileRef = F87CDAFF18D4E6ED00D0C1A8 /* HomeViewController.m */; };
		F87CDB0318D4F80500D0C1A8 /* PlayButton.m in Sources */ = {isa = PBXBuildFile; fileRef = F87CDB0218D4F80500D0C1A8 /* PlayButton.m */; };
		F89EA6C018DAD1E60013901A /* HomeView.m in Sources */ = {isa = PBXBuildFile; fileRef = F89EA6BF18DAD1E60013901A /* HomeView.m */; };
		F8A9942818DB679B00EC810A /* shuffle_icon.png in Resources */ = {isa = PBXBuildFile; fileRef = F8A9942618DB679B00EC810A /* shuffle_icon.png */; };
		F8A9942918DB679B00EC810A /* shuffle_icon@2x.png in Resources */ = {isa = PBXBuildFile; fileRef = F8A9942718DB679B00EC810A /* shuffle_icon@2x.png */; };
		F8B0C06D1901E30A00FD2615 /* ECActuallySlidingViewController.m in Sources */ = {isa = PBXBuildFile; fileRef = F8B0C06C1901E30A00FD2615 /* ECActuallySlidingViewController.m */; };
		F8B589601904E51500D42220 /* SystemConfiguration.framework in Frameworks */ = {isa = PBXBuildFile; fileRef = F8B5895F1904E51500D42220 /* SystemConfiguration.framework */; };
		F8D9AB2118D6571E006C1143 /* SearchResultCell.m in Sources */ = {isa = PBXBuildFile; fileRef = F8D9AB2018D6571E006C1143 /* SearchResultCell.m */; };
/* End PBXBuildFile section */

/* Begin PBXContainerItemProxy section */
		7AB394F818D7A32B0016AB70 /* PBXContainerItemProxy */ = {
			isa = PBXContainerItemProxy;
			containerPortal = F418191D88EB45B094D8E11F /* Pods.xcconfig */;
			proxyType = 2;
			remoteGlobalIDString = AA127694467D4A6E97C612BB;
			remoteInfo = "Pods-StredmiOS";
		};
		7AB394FA18D7A32B0016AB70 /* PBXContainerItemProxy */ = {
			isa = PBXContainerItemProxy;
			containerPortal = F418191D88EB45B094D8E11F /* Pods.xcconfig */;
			proxyType = 2;
			remoteGlobalIDString = 39BA1705906A4CB2B6FE4CE5;
			remoteInfo = "Pods-StredmiOS-ECSlidingViewController";
		};
		7AB394FC18D7A32B0016AB70 /* PBXContainerItemProxy */ = {
			isa = PBXContainerItemProxy;
			containerPortal = F418191D88EB45B094D8E11F /* Pods.xcconfig */;
			proxyType = 2;
			remoteGlobalIDString = AAEE8CB53FE64C258E7F12D9;
			remoteInfo = "Pods-StredmiOSTests";
		};
		7AB394FE18D7A32B0016AB70 /* PBXContainerItemProxy */ = {
			isa = PBXContainerItemProxy;
			containerPortal = F418191D88EB45B094D8E11F /* Pods.xcconfig */;
			proxyType = 2;
			remoteGlobalIDString = 36936AB2FA04428199653F98;
			remoteInfo = "Pods-StredmiOSTests-ECSlidingViewController";
		};
		9E64CDF818BC8BB90043926E /* PBXContainerItemProxy */ = {
			isa = PBXContainerItemProxy;
			containerPortal = 9E64CDCA18BC8BB80043926E /* Project object */;
			proxyType = 1;
			remoteGlobalIDString = 9E64CDD118BC8BB80043926E;
			remoteInfo = StredmiOS;
		};
/* End PBXContainerItemProxy section */

/* Begin PBXFileReference section */
		0A6B8851ADB34244A46385BA /* libPods-StredmiOS.a */ = {isa = PBXFileReference; explicitFileType = archive.ar; includeInIndex = 0; path = "libPods-StredmiOS.a"; sourceTree = BUILT_PRODUCTS_DIR; };
		2114F187D3F14E8BB4D0B88F /* libPods-StredmiOSTests.a */ = {isa = PBXFileReference; explicitFileType = archive.ar; includeInIndex = 0; path = "libPods-StredmiOSTests.a"; sourceTree = BUILT_PRODUCTS_DIR; };
		52078D7718DD04AB0060F875 /* SDWebImage.framework */ = {isa = PBXFileReference; lastKnownFileType = wrapper.framework; path = SDWebImage.framework; sourceTree = "<group>"; };
		52078D7918DD055F0060F875 /* ImageIO.framework */ = {isa = PBXFileReference; lastKnownFileType = wrapper.framework; name = ImageIO.framework; path = System/Library/Frameworks/ImageIO.framework; sourceTree = SDKROOT; };
		52078D7D18DD52500060F875 /* placeholder.jpg */ = {isa = PBXFileReference; lastKnownFileType = image.jpeg; path = placeholder.jpg; sourceTree = "<group>"; };
		522BC3901901ACFE00C8E482 /* MySetsViewController.h */ = {isa = PBXFileReference; fileEncoding = 4; lastKnownFileType = sourcecode.c.h; path = MySetsViewController.h; sourceTree = "<group>"; };
		522BC3911901ACFE00C8E482 /* MySetsViewController.m */ = {isa = PBXFileReference; fileEncoding = 4; lastKnownFileType = sourcecode.c.objc; path = MySetsViewController.m; sourceTree = "<group>"; };
		52D4D81618D92D23009676CB /* DiscoverViewController.h */ = {isa = PBXFileReference; fileEncoding = 4; lastKnownFileType = sourcecode.c.h; path = DiscoverViewController.h; sourceTree = "<group>"; };
		52D4D81718D92D23009676CB /* DiscoverViewController.m */ = {isa = PBXFileReference; fileEncoding = 4; lastKnownFileType = sourcecode.c.objc; path = DiscoverViewController.m; sourceTree = "<group>"; };
		52D4D81918D92E2F009676CB /* DiscoverTableCell.h */ = {isa = PBXFileReference; fileEncoding = 4; lastKnownFileType = sourcecode.c.h; path = DiscoverTableCell.h; sourceTree = "<group>"; };
		52D4D81A18D92E2F009676CB /* DiscoverTableCell.m */ = {isa = PBXFileReference; fileEncoding = 4; lastKnownFileType = sourcecode.c.objc; path = DiscoverTableCell.m; sourceTree = "<group>"; };
		54F040432EC54C8082DFC594 /* libPods.a */ = {isa = PBXFileReference; explicitFileType = archive.ar; includeInIndex = 0; path = libPods.a; sourceTree = BUILT_PRODUCTS_DIR; };
		7A6ACA4518D67F0500231692 /* JNSettingsViewController.h */ = {isa = PBXFileReference; fileEncoding = 4; lastKnownFileType = sourcecode.c.h; path = JNSettingsViewController.h; sourceTree = "<group>"; };
		7A6ACA4618D67F0500231692 /* JNSettingsViewController.m */ = {isa = PBXFileReference; fileEncoding = 4; lastKnownFileType = sourcecode.c.objc; path = JNSettingsViewController.m; sourceTree = "<group>"; };
		7AB3DD661901DE3B00E0DBA1 /* Settings.bundle */ = {isa = PBXFileReference; lastKnownFileType = "wrapper.plug-in"; name = Settings.bundle; path = ../Settings.bundle; sourceTree = "<group>"; };
		86C200B1F195462D8FFD62D8 /* Pods-StredmiOS.xcconfig */ = {isa = PBXFileReference; includeInIndex = 1; lastKnownFileType = text.xcconfig; name = "Pods-StredmiOS.xcconfig"; path = "Pods/Pods-StredmiOS.xcconfig"; sourceTree = "<group>"; };
		9E64CDD218BC8BB80043926E /* StredmiOS.app */ = {isa = PBXFileReference; explicitFileType = wrapper.application; includeInIndex = 0; path = StredmiOS.app; sourceTree = BUILT_PRODUCTS_DIR; };
		9E64CDD518BC8BB80043926E /* Foundation.framework */ = {isa = PBXFileReference; lastKnownFileType = wrapper.framework; name = Foundation.framework; path = System/Library/Frameworks/Foundation.framework; sourceTree = SDKROOT; };
		9E64CDD718BC8BB80043926E /* CoreGraphics.framework */ = {isa = PBXFileReference; lastKnownFileType = wrapper.framework; name = CoreGraphics.framework; path = System/Library/Frameworks/CoreGraphics.framework; sourceTree = SDKROOT; };
		9E64CDD918BC8BB80043926E /* UIKit.framework */ = {isa = PBXFileReference; lastKnownFileType = wrapper.framework; name = UIKit.framework; path = System/Library/Frameworks/UIKit.framework; sourceTree = SDKROOT; };
		9E64CDDD18BC8BB80043926E /* StredmiOS-Info.plist */ = {isa = PBXFileReference; lastKnownFileType = text.plist.xml; path = "StredmiOS-Info.plist"; sourceTree = "<group>"; };
		9E64CDDF18BC8BB80043926E /* en */ = {isa = PBXFileReference; lastKnownFileType = text.plist.strings; name = en; path = en.lproj/InfoPlist.strings; sourceTree = "<group>"; };
		9E64CDE118BC8BB90043926E /* main.m */ = {isa = PBXFileReference; lastKnownFileType = sourcecode.c.objc; path = main.m; sourceTree = "<group>"; };
		9E64CDE318BC8BB90043926E /* StredmiOS-Prefix.pch */ = {isa = PBXFileReference; lastKnownFileType = sourcecode.c.h; path = "StredmiOS-Prefix.pch"; sourceTree = "<group>"; };
		9E64CDE418BC8BB90043926E /* JNAppDelegate.h */ = {isa = PBXFileReference; lastKnownFileType = sourcecode.c.h; path = JNAppDelegate.h; sourceTree = "<group>"; };
		9E64CDE518BC8BB90043926E /* JNAppDelegate.m */ = {isa = PBXFileReference; lastKnownFileType = sourcecode.c.objc; path = JNAppDelegate.m; sourceTree = "<group>"; };
		9E64CDE818BC8BB90043926E /* Base */ = {isa = PBXFileReference; lastKnownFileType = file.storyboard; name = Base; path = Base.lproj/Main.storyboard; sourceTree = "<group>"; };
		9E64CDED18BC8BB90043926E /* Images.xcassets */ = {isa = PBXFileReference; lastKnownFileType = folder.assetcatalog; path = Images.xcassets; sourceTree = "<group>"; };
		9E64CDF318BC8BB90043926E /* StredmiOSTests.xctest */ = {isa = PBXFileReference; explicitFileType = wrapper.cfbundle; includeInIndex = 0; path = StredmiOSTests.xctest; sourceTree = BUILT_PRODUCTS_DIR; };
		9E64CDF418BC8BB90043926E /* XCTest.framework */ = {isa = PBXFileReference; lastKnownFileType = wrapper.framework; name = XCTest.framework; path = Library/Frameworks/XCTest.framework; sourceTree = DEVELOPER_DIR; };
		9E64CDFC18BC8BB90043926E /* StredmiOSTests-Info.plist */ = {isa = PBXFileReference; lastKnownFileType = text.plist.xml; path = "StredmiOSTests-Info.plist"; sourceTree = "<group>"; };
		9E64CDFE18BC8BB90043926E /* en */ = {isa = PBXFileReference; lastKnownFileType = text.plist.strings; name = en; path = en.lproj/InfoPlist.strings; sourceTree = "<group>"; };
		9E64CE0018BC8BB90043926E /* StredmiOSTests.m */ = {isa = PBXFileReference; lastKnownFileType = sourcecode.c.objc; path = StredmiOSTests.m; sourceTree = "<group>"; };
		9E9ABF7118CD1209007A9897 /* JNMenuViewController.h */ = {isa = PBXFileReference; fileEncoding = 4; lastKnownFileType = sourcecode.c.h; path = JNMenuViewController.h; sourceTree = "<group>"; };
		9E9ABF7218CD1209007A9897 /* JNMenuViewController.m */ = {isa = PBXFileReference; fileEncoding = 4; lastKnownFileType = sourcecode.c.objc; path = JNMenuViewController.m; sourceTree = "<group>"; };
		F418191D88EB45B094D8E11F /* Pods.xcconfig */ = {isa = PBXFileReference; includeInIndex = 1; lastKnownFileType = text.xcconfig; name = Pods.xcconfig; path = Pods/Pods.xcconfig; sourceTree = "<group>"; };
		F803A54618DAEADF00FB7AE4 /* PlayerView.h */ = {isa = PBXFileReference; fileEncoding = 4; lastKnownFileType = sourcecode.c.h; path = PlayerView.h; sourceTree = "<group>"; };
		F803A54718DAEADF00FB7AE4 /* PlayerView.m */ = {isa = PBXFileReference; fileEncoding = 4; lastKnownFileType = sourcecode.c.objc; path = PlayerView.m; sourceTree = "<group>"; };
		F803A54918DAF72F00FB7AE4 /* UIImage+ImageEffects.h */ = {isa = PBXFileReference; fileEncoding = 4; lastKnownFileType = sourcecode.c.h; path = "UIImage+ImageEffects.h"; sourceTree = "<group>"; };
		F803A54A18DAF72F00FB7AE4 /* UIImage+ImageEffects.m */ = {isa = PBXFileReference; fileEncoding = 4; lastKnownFileType = sourcecode.c.objc; path = "UIImage+ImageEffects.m"; sourceTree = "<group>"; };
		F82346DA18D5A54D00E804BD /* SearchResultViewController.h */ = {isa = PBXFileReference; fileEncoding = 4; lastKnownFileType = sourcecode.c.h; path = SearchResultViewController.h; sourceTree = "<group>"; };
		F82346DB18D5A54D00E804BD /* SearchResultViewController.m */ = {isa = PBXFileReference; fileEncoding = 4; lastKnownFileType = sourcecode.c.objc; path = SearchResultViewController.m; sourceTree = "<group>"; };
		F83112F718D0CE1C001F3B5E /* BrowseTableCell.m */ = {isa = PBXFileReference; fileEncoding = 4; lastKnownFileType = sourcecode.c.objc; path = BrowseTableCell.m; sourceTree = "<group>"; };
		F83315271906E8650051F269 /* playlist.png */ = {isa = PBXFileReference; lastKnownFileType = image.png; path = playlist.png; sourceTree = "<group>"; };
		F83315291906F0C80051F269 /* menu-icon.png */ = {isa = PBXFileReference; lastKnownFileType = image.png; path = "menu-icon.png"; sourceTree = "<group>"; };
		F833152A1906F0C80051F269 /* menu-icon@2x.png */ = {isa = PBXFileReference; lastKnownFileType = image.png; path = "menu-icon@2x.png"; sourceTree = "<group>"; };
		F839315518FC372C00032BFF /* AVFoundation.framework */ = {isa = PBXFileReference; lastKnownFileType = wrapper.framework; name = AVFoundation.framework; path = System/Library/Frameworks/AVFoundation.framework; sourceTree = SDKROOT; };
		F839315618FC372C00032BFF /* MediaPlayer.framework */ = {isa = PBXFileReference; lastKnownFileType = wrapper.framework; name = MediaPlayer.framework; path = System/Library/Frameworks/MediaPlayer.framework; sourceTree = SDKROOT; };
		F839315918FC416500032BFF /* RemoteApplication.h */ = {isa = PBXFileReference; fileEncoding = 4; lastKnownFileType = sourcecode.c.h; path = RemoteApplication.h; sourceTree = "<group>"; };
		F839315A18FC416500032BFF /* RemoteApplication.m */ = {isa = PBXFileReference; fileEncoding = 4; lastKnownFileType = sourcecode.c.objc; path = RemoteApplication.m; sourceTree = "<group>"; };
		F84826651901478F00F95A47 /* BrowseTableCell.h */ = {isa = PBXFileReference; fileEncoding = 4; lastKnownFileType = sourcecode.c.h; path = BrowseTableCell.h; sourceTree = "<group>"; };
		F84826661901478F00F95A47 /* BrowseViewController.m */ = {isa = PBXFileReference; fileEncoding = 4; lastKnownFileType = sourcecode.c.objc; path = BrowseViewController.m; sourceTree = "<group>"; };
		F8482668190147C000F95A47 /* BrowseViewController.h */ = {isa = PBXFileReference; fileEncoding = 4; lastKnownFileType = sourcecode.c.h; path = BrowseViewController.h; sourceTree = "<group>"; };
		F84826691901481700F95A47 /* SettingsViewController.h */ = {isa = PBXFileReference; fileEncoding = 4; lastKnownFileType = sourcecode.c.h; path = SettingsViewController.h; sourceTree = "<group>"; };
		F848266A1901481700F95A47 /* SettingsViewController.m */ = {isa = PBXFileReference; fileEncoding = 4; lastKnownFileType = sourcecode.c.objc; path = SettingsViewController.m; sourceTree = "<group>"; };
		F87CDAFE18D4E6ED00D0C1A8 /* HomeViewController.h */ = {isa = PBXFileReference; fileEncoding = 4; lastKnownFileType = sourcecode.c.h; path = HomeViewController.h; sourceTree = "<group>"; };
		F87CDAFF18D4E6ED00D0C1A8 /* HomeViewController.m */ = {isa = PBXFileReference; fileEncoding = 4; lastKnownFileType = sourcecode.c.objc; path = HomeViewController.m; sourceTree = "<group>"; };
		F87CDB0118D4F80500D0C1A8 /* PlayButton.h */ = {isa = PBXFileReference; fileEncoding = 4; lastKnownFileType = sourcecode.c.h; path = PlayButton.h; sourceTree = "<group>"; };
		F87CDB0218D4F80500D0C1A8 /* PlayButton.m */ = {isa = PBXFileReference; fileEncoding = 4; lastKnownFileType = sourcecode.c.objc; path = PlayButton.m; sourceTree = "<group>"; };
		F89EA6BE18DAD1E60013901A /* HomeView.h */ = {isa = PBXFileReference; fileEncoding = 4; lastKnownFileType = sourcecode.c.h; path = HomeView.h; sourceTree = "<group>"; };
		F89EA6BF18DAD1E60013901A /* HomeView.m */ = {isa = PBXFileReference; fileEncoding = 4; lastKnownFileType = sourcecode.c.objc; path = HomeView.m; sourceTree = "<group>"; };
		F8A9942618DB679B00EC810A /* shuffle_icon.png */ = {isa = PBXFileReference; lastKnownFileType = image.png; path = shuffle_icon.png; sourceTree = "<group>"; };
		F8A9942718DB679B00EC810A /* shuffle_icon@2x.png */ = {isa = PBXFileReference; lastKnownFileType = image.png; path = "shuffle_icon@2x.png"; sourceTree = "<group>"; };
		F8B0C06B1901E30A00FD2615 /* ECActuallySlidingViewController.h */ = {isa = PBXFileReference; fileEncoding = 4; lastKnownFileType = sourcecode.c.h; path = ECActuallySlidingViewController.h; sourceTree = "<group>"; };
		F8B0C06C1901E30A00FD2615 /* ECActuallySlidingViewController.m */ = {isa = PBXFileReference; fileEncoding = 4; lastKnownFileType = sourcecode.c.objc; path = ECActuallySlidingViewController.m; sourceTree = "<group>"; };
		F8B5895F1904E51500D42220 /* SystemConfiguration.framework */ = {isa = PBXFileReference; lastKnownFileType = wrapper.framework; name = SystemConfiguration.framework; path = System/Library/Frameworks/SystemConfiguration.framework; sourceTree = SDKROOT; };
		F8D9AB1F18D6571E006C1143 /* SearchResultCell.h */ = {isa = PBXFileReference; fileEncoding = 4; lastKnownFileType = sourcecode.c.h; path = SearchResultCell.h; sourceTree = "<group>"; };
		F8D9AB2018D6571E006C1143 /* SearchResultCell.m */ = {isa = PBXFileReference; fileEncoding = 4; lastKnownFileType = sourcecode.c.objc; path = SearchResultCell.m; sourceTree = "<group>"; };
		FCAE31B8CAA443559BD537EC /* Pods-StredmiOSTests.xcconfig */ = {isa = PBXFileReference; includeInIndex = 1; lastKnownFileType = text.xcconfig; name = "Pods-StredmiOSTests.xcconfig"; path = "Pods/Pods-StredmiOSTests.xcconfig"; sourceTree = "<group>"; };
/* End PBXFileReference section */

/* Begin PBXFrameworksBuildPhase section */
		9E64CDCF18BC8BB80043926E /* Frameworks */ = {
			isa = PBXFrameworksBuildPhase;
			buildActionMask = 2147483647;
			files = (
				F8B589601904E51500D42220 /* SystemConfiguration.framework in Frameworks */,
				F839315718FC372C00032BFF /* AVFoundation.framework in Frameworks */,
				F839315818FC372C00032BFF /* MediaPlayer.framework in Frameworks */,
				52078D7A18DD055F0060F875 /* ImageIO.framework in Frameworks */,
				52078D7818DD04AB0060F875 /* SDWebImage.framework in Frameworks */,
				9E64CDD818BC8BB80043926E /* CoreGraphics.framework in Frameworks */,
				9E64CDDA18BC8BB80043926E /* UIKit.framework in Frameworks */,
				9E64CDD618BC8BB80043926E /* Foundation.framework in Frameworks */,
				137475B9019C43BEA67EE7A2 /* libPods-StredmiOS.a in Frameworks */,
			);
			runOnlyForDeploymentPostprocessing = 0;
		};
		9E64CDF018BC8BB90043926E /* Frameworks */ = {
			isa = PBXFrameworksBuildPhase;
			buildActionMask = 2147483647;
			files = (
				9E64CDF518BC8BB90043926E /* XCTest.framework in Frameworks */,
				9E64CDF718BC8BB90043926E /* UIKit.framework in Frameworks */,
				9E64CDF618BC8BB90043926E /* Foundation.framework in Frameworks */,
				C34C1312E9E349758EDBC502 /* libPods-StredmiOSTests.a in Frameworks */,
			);
			runOnlyForDeploymentPostprocessing = 0;
		};
/* End PBXFrameworksBuildPhase section */

/* Begin PBXGroup section */
		7AB394F218D7A32B0016AB70 /* Products */ = {
			isa = PBXGroup;
			children = (
				7AB394F918D7A32B0016AB70 /* libPods-StredmiOS.a */,
				7AB394FB18D7A32B0016AB70 /* libPods-StredmiOS-ECSlidingViewController.a */,
				7AB394FD18D7A32B0016AB70 /* libPods-StredmiOSTests.a */,
				7AB394FF18D7A32B0016AB70 /* libPods-StredmiOSTests-ECSlidingViewController.a */,
			);
			name = Products;
			sourceTree = "<group>";
		};
		9E64CDC918BC8BB80043926E = {
			isa = PBXGroup;
			children = (
				9E64CDDB18BC8BB80043926E /* StredmiOS */,
				9E64CDFA18BC8BB90043926E /* StredmiOSTests */,
				9E64CDD418BC8BB80043926E /* Frameworks */,
				9E64CDD318BC8BB80043926E /* Products */,
				F418191D88EB45B094D8E11F /* Pods.xcconfig */,
				86C200B1F195462D8FFD62D8 /* Pods-StredmiOS.xcconfig */,
				FCAE31B8CAA443559BD537EC /* Pods-StredmiOSTests.xcconfig */,
			);
			sourceTree = "<group>";
		};
		9E64CDD318BC8BB80043926E /* Products */ = {
			isa = PBXGroup;
			children = (
				9E64CDD218BC8BB80043926E /* StredmiOS.app */,
				9E64CDF318BC8BB90043926E /* StredmiOSTests.xctest */,
			);
			name = Products;
			sourceTree = "<group>";
		};
		9E64CDD418BC8BB80043926E /* Frameworks */ = {
			isa = PBXGroup;
			children = (
				F8B5895F1904E51500D42220 /* SystemConfiguration.framework */,
				F839315518FC372C00032BFF /* AVFoundation.framework */,
				F839315618FC372C00032BFF /* MediaPlayer.framework */,
				52078D7918DD055F0060F875 /* ImageIO.framework */,
				52078D7718DD04AB0060F875 /* SDWebImage.framework */,
				9E64CDD518BC8BB80043926E /* Foundation.framework */,
				9E64CDD718BC8BB80043926E /* CoreGraphics.framework */,
				9E64CDD918BC8BB80043926E /* UIKit.framework */,
				9E64CDF418BC8BB90043926E /* XCTest.framework */,
				54F040432EC54C8082DFC594 /* libPods.a */,
				0A6B8851ADB34244A46385BA /* libPods-StredmiOS.a */,
				2114F187D3F14E8BB4D0B88F /* libPods-StredmiOSTests.a */,
			);
			name = Frameworks;
			sourceTree = "<group>";
		};
		9E64CDDB18BC8BB80043926E /* StredmiOS */ = {
			isa = PBXGroup;
			children = (
				F83315291906F0C80051F269 /* menu-icon.png */,
				F833152A1906F0C80051F269 /* menu-icon@2x.png */,
				52078D7D18DD52500060F875 /* placeholder.jpg */,
				9E64CDE418BC8BB90043926E /* JNAppDelegate.h */,
				9E64CDE518BC8BB90043926E /* JNAppDelegate.m */,
				F839315918FC416500032BFF /* RemoteApplication.h */,
				7AB3DD661901DE3B00E0DBA1 /* Settings.bundle */,
				F839315A18FC416500032BFF /* RemoteApplication.m */,
				9E64CDE718BC8BB90043926E /* Main.storyboard */,
				7A6ACA4518D67F0500231692 /* JNSettingsViewController.h */,
				7A6ACA4618D67F0500231692 /* JNSettingsViewController.m */,
				F87CDAFE18D4E6ED00D0C1A8 /* HomeViewController.h */,
				F87CDAFF18D4E6ED00D0C1A8 /* HomeViewController.m */,
				F89EA6BE18DAD1E60013901A /* HomeView.h */,
				F89EA6BF18DAD1E60013901A /* HomeView.m */,
				F803A54618DAEADF00FB7AE4 /* PlayerView.h */,
				F803A54718DAEADF00FB7AE4 /* PlayerView.m */,
				F87CDB0118D4F80500D0C1A8 /* PlayButton.h */,
				F87CDB0218D4F80500D0C1A8 /* PlayButton.m */,
				9E9ABF7118CD1209007A9897 /* JNMenuViewController.h */,
				9E9ABF7218CD1209007A9897 /* JNMenuViewController.m */,
				F82346DA18D5A54D00E804BD /* SearchResultViewController.h */,
				F82346DB18D5A54D00E804BD /* SearchResultViewController.m */,
				F8D9AB1F18D6571E006C1143 /* SearchResultCell.h */,
				F8D9AB2018D6571E006C1143 /* SearchResultCell.m */,
				F8482668190147C000F95A47 /* BrowseViewController.h */,
				F84826661901478F00F95A47 /* BrowseViewController.m */,
				F84826651901478F00F95A47 /* BrowseTableCell.h */,
				F83112F718D0CE1C001F3B5E /* BrowseTableCell.m */,
				52D4D81618D92D23009676CB /* DiscoverViewController.h */,
				52D4D81718D92D23009676CB /* DiscoverViewController.m */,
				52D4D81918D92E2F009676CB /* DiscoverTableCell.h */,
				52D4D81A18D92E2F009676CB /* DiscoverTableCell.m */,
				F84826691901481700F95A47 /* SettingsViewController.h */,
				F848266A1901481700F95A47 /* SettingsViewController.m */,
				F803A54918DAF72F00FB7AE4 /* UIImage+ImageEffects.h */,
				F803A54A18DAF72F00FB7AE4 /* UIImage+ImageEffects.m */,
				F8B0C06B1901E30A00FD2615 /* ECActuallySlidingViewController.h */,
				F8B0C06C1901E30A00FD2615 /* ECActuallySlidingViewController.m */,
				9E64CDED18BC8BB90043926E /* Images.xcassets */,
				F83315271906E8650051F269 /* playlist.png */,
				F8A9942618DB679B00EC810A /* shuffle_icon.png */,
				F8A9942718DB679B00EC810A /* shuffle_icon@2x.png */,
				9E64CDDC18BC8BB80043926E /* Supporting Files */,
				522BC3901901ACFE00C8E482 /* MySetsViewController.h */,
				522BC3911901ACFE00C8E482 /* MySetsViewController.m */,
			);
			path = StredmiOS;
			sourceTree = "<group>";
		};
		9E64CDDC18BC8BB80043926E /* Supporting Files */ = {
			isa = PBXGroup;
			children = (
				9E64CDDD18BC8BB80043926E /* StredmiOS-Info.plist */,
				9E64CDDE18BC8BB80043926E /* InfoPlist.strings */,
				9E64CDE118BC8BB90043926E /* main.m */,
				9E64CDE318BC8BB90043926E /* StredmiOS-Prefix.pch */,
			);
			name = "Supporting Files";
			sourceTree = "<group>";
		};
		9E64CDFA18BC8BB90043926E /* StredmiOSTests */ = {
			isa = PBXGroup;
			children = (
				9E64CE0018BC8BB90043926E /* StredmiOSTests.m */,
				9E64CDFB18BC8BB90043926E /* Supporting Files */,
			);
			path = StredmiOSTests;
			sourceTree = "<group>";
		};
		9E64CDFB18BC8BB90043926E /* Supporting Files */ = {
			isa = PBXGroup;
			children = (
				9E64CDFC18BC8BB90043926E /* StredmiOSTests-Info.plist */,
				9E64CDFD18BC8BB90043926E /* InfoPlist.strings */,
			);
			name = "Supporting Files";
			sourceTree = "<group>";
		};
/* End PBXGroup section */

/* Begin PBXNativeTarget section */
		9E64CDD118BC8BB80043926E /* StredmiOS */ = {
			isa = PBXNativeTarget;
			buildConfigurationList = 9E64CE0418BC8BB90043926E /* Build configuration list for PBXNativeTarget "StredmiOS" */;
			buildPhases = (
				6DC810BE980F4CCAB08A137F /* Check Pods Manifest.lock */,
				9E64CDCE18BC8BB80043926E /* Sources */,
				9E64CDCF18BC8BB80043926E /* Frameworks */,
				9E64CDD018BC8BB80043926E /* Resources */,
				F3C7D778A85541449CE56C46 /* Copy Pods Resources */,
				7AB3DD681901E96F00E0DBA1 /* Set Version Script */,
			);
			buildRules = (
			);
			dependencies = (
			);
			name = StredmiOS;
			productName = StredmiOS;
			productReference = 9E64CDD218BC8BB80043926E /* StredmiOS.app */;
			productType = "com.apple.product-type.application";
		};
		9E64CDF218BC8BB90043926E /* StredmiOSTests */ = {
			isa = PBXNativeTarget;
			buildConfigurationList = 9E64CE0718BC8BB90043926E /* Build configuration list for PBXNativeTarget "StredmiOSTests" */;
			buildPhases = (
				E90FFEB522494608A70630AB /* Check Pods Manifest.lock */,
				9E64CDEF18BC8BB90043926E /* Sources */,
				9E64CDF018BC8BB90043926E /* Frameworks */,
				9E64CDF118BC8BB90043926E /* Resources */,
				2B7E610DF44D49129D06A038 /* Copy Pods Resources */,
			);
			buildRules = (
			);
			dependencies = (
				9E64CDF918BC8BB90043926E /* PBXTargetDependency */,
			);
			name = StredmiOSTests;
			productName = StredmiOSTests;
			productReference = 9E64CDF318BC8BB90043926E /* StredmiOSTests.xctest */;
			productType = "com.apple.product-type.bundle.unit-test";
		};
/* End PBXNativeTarget section */

/* Begin PBXProject section */
		9E64CDCA18BC8BB80043926E /* Project object */ = {
			isa = PBXProject;
			attributes = {
				CLASSPREFIX = JN;
				LastUpgradeCheck = 0510;
				ORGANIZATIONNAME = Stredm;
				TargetAttributes = {
					9E64CDD118BC8BB80043926E = {
						DevelopmentTeam = 7JQM8M6QG2;
					};
					9E64CDF218BC8BB90043926E = {
						TestTargetID = 9E64CDD118BC8BB80043926E;
					};
				};
			};
			buildConfigurationList = 9E64CDCD18BC8BB80043926E /* Build configuration list for PBXProject "StredmiOS" */;
			compatibilityVersion = "Xcode 3.2";
			developmentRegion = English;
			hasScannedForEncodings = 0;
			knownRegions = (
				en,
				Base,
			);
			mainGroup = 9E64CDC918BC8BB80043926E;
			productRefGroup = 9E64CDD318BC8BB80043926E /* Products */;
			projectDirPath = "";
			projectReferences = (
				{
					ProductGroup = 7AB394F218D7A32B0016AB70 /* Products */;
					ProjectRef = F418191D88EB45B094D8E11F /* Pods.xcconfig */;
				},
			);
			projectRoot = "";
			targets = (
				9E64CDD118BC8BB80043926E /* StredmiOS */,
				9E64CDF218BC8BB90043926E /* StredmiOSTests */,
			);
		};
/* End PBXProject section */

/* Begin PBXReferenceProxy section */
		7AB394F918D7A32B0016AB70 /* libPods-StredmiOS.a */ = {
			isa = PBXReferenceProxy;
			fileType = archive.ar;
			path = "libPods-StredmiOS.a";
			remoteRef = 7AB394F818D7A32B0016AB70 /* PBXContainerItemProxy */;
			sourceTree = BUILT_PRODUCTS_DIR;
		};
		7AB394FB18D7A32B0016AB70 /* libPods-StredmiOS-ECSlidingViewController.a */ = {
			isa = PBXReferenceProxy;
			fileType = archive.ar;
			path = "libPods-StredmiOS-ECSlidingViewController.a";
			remoteRef = 7AB394FA18D7A32B0016AB70 /* PBXContainerItemProxy */;
			sourceTree = BUILT_PRODUCTS_DIR;
		};
		7AB394FD18D7A32B0016AB70 /* libPods-StredmiOSTests.a */ = {
			isa = PBXReferenceProxy;
			fileType = archive.ar;
			path = "libPods-StredmiOSTests.a";
			remoteRef = 7AB394FC18D7A32B0016AB70 /* PBXContainerItemProxy */;
			sourceTree = BUILT_PRODUCTS_DIR;
		};
		7AB394FF18D7A32B0016AB70 /* libPods-StredmiOSTests-ECSlidingViewController.a */ = {
			isa = PBXReferenceProxy;
			fileType = archive.ar;
			path = "libPods-StredmiOSTests-ECSlidingViewController.a";
			remoteRef = 7AB394FE18D7A32B0016AB70 /* PBXContainerItemProxy */;
			sourceTree = BUILT_PRODUCTS_DIR;
		};
/* End PBXReferenceProxy section */

/* Begin PBXResourcesBuildPhase section */
		9E64CDD018BC8BB80043926E /* Resources */ = {
			isa = PBXResourcesBuildPhase;
			buildActionMask = 2147483647;
			files = (
				7AB3DD671901DE3B00E0DBA1 /* Settings.bundle in Resources */,
				9E64CDEE18BC8BB90043926E /* Images.xcassets in Resources */,
				F833152C1906F0C80051F269 /* menu-icon@2x.png in Resources */,
				52078D7E18DD52500060F875 /* placeholder.jpg in Resources */,
				F8A9942818DB679B00EC810A /* shuffle_icon.png in Resources */,
				F833152B1906F0C80051F269 /* menu-icon.png in Resources */,
				9E64CDE018BC8BB80043926E /* InfoPlist.strings in Resources */,
				9E64CDE918BC8BB90043926E /* Main.storyboard in Resources */,
				F83315281906E8650051F269 /* playlist.png in Resources */,
				F8A9942918DB679B00EC810A /* shuffle_icon@2x.png in Resources */,
			);
			runOnlyForDeploymentPostprocessing = 0;
		};
		9E64CDF118BC8BB90043926E /* Resources */ = {
			isa = PBXResourcesBuildPhase;
			buildActionMask = 2147483647;
			files = (
				9E64CDFF18BC8BB90043926E /* InfoPlist.strings in Resources */,
			);
			runOnlyForDeploymentPostprocessing = 0;
		};
/* End PBXResourcesBuildPhase section */

/* Begin PBXShellScriptBuildPhase section */
		2B7E610DF44D49129D06A038 /* Copy Pods Resources */ = {
			isa = PBXShellScriptBuildPhase;
			buildActionMask = 2147483647;
			files = (
			);
			inputPaths = (
			);
			name = "Copy Pods Resources";
			outputPaths = (
			);
			runOnlyForDeploymentPostprocessing = 0;
			shellPath = /bin/sh;
			shellScript = "\"${SRCROOT}/Pods/Pods-StredmiOSTests-resources.sh\"\n";
			showEnvVarsInLog = 0;
		};
		6DC810BE980F4CCAB08A137F /* Check Pods Manifest.lock */ = {
			isa = PBXShellScriptBuildPhase;
			buildActionMask = 2147483647;
			files = (
			);
			inputPaths = (
			);
			name = "Check Pods Manifest.lock";
			outputPaths = (
			);
			runOnlyForDeploymentPostprocessing = 0;
			shellPath = /bin/sh;
			shellScript = "diff \"${PODS_ROOT}/../Podfile.lock\" \"${PODS_ROOT}/Manifest.lock\" > /dev/null\nif [[ $? != 0 ]] ; then\n    cat << EOM\nerror: The sandbox is not in sync with the Podfile.lock. Run 'pod install' or update your CocoaPods installation.\nEOM\n    exit 1\nfi\n";
			showEnvVarsInLog = 0;
		};
		7AB3DD681901E96F00E0DBA1 /* Set Version Script */ = {
			isa = PBXShellScriptBuildPhase;
			buildActionMask = 2147483647;
			files = (
			);
			inputPaths = (
			);
			name = "Set Version Script";
			outputPaths = (
			);
			runOnlyForDeploymentPostprocessing = 0;
			shellPath = /bin/sh;
			shellScript = "# Get infoPlist.\ninfoPlist=${INFOPLIST_FILE}\n# Add CFBuildNumber, CFBuildDate, CFBundleShortVersionString (if it doesn't exist) and CFBuildVersion to your *-Info.plist.\n\n# Get CFBuildNumber.\nCFBuildNumber=$(/usr/libexec/PlistBuddy -c \"Print CFBuildNumber\" $infoPlist)\n# Increment build number by 1.\nCFBuildNumber=$(($CFBuildNumber + 1))\n# Update CFBuildNumber.\n/usr/libexec/PlistBuddy -c \"Set :CFBuildNumber $CFBuildNumber\" $infoPlist\n\n# Get date.\nCFBuildDate=$(date)\n\n# Update date.\n/usr/libexec/PlistBuddy -c \"Set :CFBuildDate $CFBuildDate\" $infoPlist\n\n# Get CFBundleShortVersionString.\nCFBundleShortVersionString=$(/usr/libexec/PlistBuddy -c \"Print CFBundleShortVersionString\" $infoPlist)\n# Update CFBuildVersion version with CFBundleShortVersionString.CFBuildNumber.\n/usr/libexec/PlistBuddy -c \"Set :CFBuildVersion $CFBundleShortVersionString.$CFBuildNumber\" $infoPlist";
		};
		E90FFEB522494608A70630AB /* Check Pods Manifest.lock */ = {
			isa = PBXShellScriptBuildPhase;
			buildActionMask = 2147483647;
			files = (
			);
			inputPaths = (
			);
			name = "Check Pods Manifest.lock";
			outputPaths = (
			);
			runOnlyForDeploymentPostprocessing = 0;
			shellPath = /bin/sh;
			shellScript = "diff \"${PODS_ROOT}/../Podfile.lock\" \"${PODS_ROOT}/Manifest.lock\" > /dev/null\nif [[ $? != 0 ]] ; then\n    cat << EOM\nerror: The sandbox is not in sync with the Podfile.lock. Run 'pod install' or update your CocoaPods installation.\nEOM\n    exit 1\nfi\n";
			showEnvVarsInLog = 0;
		};
		F3C7D778A85541449CE56C46 /* Copy Pods Resources */ = {
			isa = PBXShellScriptBuildPhase;
			buildActionMask = 2147483647;
			files = (
			);
			inputPaths = (
			);
			name = "Copy Pods Resources";
			outputPaths = (
			);
			runOnlyForDeploymentPostprocessing = 0;
			shellPath = /bin/sh;
			shellScript = "\"${SRCROOT}/Pods/Pods-StredmiOS-resources.sh\"\n";
			showEnvVarsInLog = 0;
		};
/* End PBXShellScriptBuildPhase section */

/* Begin PBXSourcesBuildPhase section */
		9E64CDCE18BC8BB80043926E /* Sources */ = {
			isa = PBXSourcesBuildPhase;
			buildActionMask = 2147483647;
			files = (
				9E64CDE618BC8BB90043926E /* JNAppDelegate.m in Sources */,
				522BC3921901ACFE00C8E482 /* MySetsViewController.m in Sources */,
				F803A54B18DAF72F00FB7AE4 /* UIImage+ImageEffects.m in Sources */,
				52D4D81818D92D23009676CB /* DiscoverViewController.m in Sources */,
				7A6ACA4718D67F0500231692 /* JNSettingsViewController.m in Sources */,
				F84826671901478F00F95A47 /* BrowseViewController.m in Sources */,
				9E9ABF7318CD1209007A9897 /* JNMenuViewController.m in Sources */,
				F8D9AB2118D6571E006C1143 /* SearchResultCell.m in Sources */,
				F83112F818D0CE1C001F3B5E /* BrowseTableCell.m in Sources */,
				F8B0C06D1901E30A00FD2615 /* ECActuallySlidingViewController.m in Sources */,
				F82346DC18D5A54D00E804BD /* SearchResultViewController.m in Sources */,
				F803A54818DAEADF00FB7AE4 /* PlayerView.m in Sources */,
				9E64CDE218BC8BB90043926E /* main.m in Sources */,
				F87CDB0318D4F80500D0C1A8 /* PlayButton.m in Sources */,
				F89EA6C018DAD1E60013901A /* HomeView.m in Sources */,
				F848266B1901481700F95A47 /* SettingsViewController.m in Sources */,
				52D4D81B18D92E2F009676CB /* DiscoverTableCell.m in Sources */,
				F839315B18FC416500032BFF /* RemoteApplication.m in Sources */,
				F87CDB0018D4E6ED00D0C1A8 /* HomeViewController.m in Sources */,
			);
			runOnlyForDeploymentPostprocessing = 0;
		};
		9E64CDEF18BC8BB90043926E /* Sources */ = {
			isa = PBXSourcesBuildPhase;
			buildActionMask = 2147483647;
			files = (
				9E64CE0118BC8BB90043926E /* StredmiOSTests.m in Sources */,
			);
			runOnlyForDeploymentPostprocessing = 0;
		};
/* End PBXSourcesBuildPhase section */

/* Begin PBXTargetDependency section */
		9E64CDF918BC8BB90043926E /* PBXTargetDependency */ = {
			isa = PBXTargetDependency;
			target = 9E64CDD118BC8BB80043926E /* StredmiOS */;
			targetProxy = 9E64CDF818BC8BB90043926E /* PBXContainerItemProxy */;
		};
/* End PBXTargetDependency section */

/* Begin PBXVariantGroup section */
		9E64CDDE18BC8BB80043926E /* InfoPlist.strings */ = {
			isa = PBXVariantGroup;
			children = (
				9E64CDDF18BC8BB80043926E /* en */,
			);
			name = InfoPlist.strings;
			sourceTree = "<group>";
		};
		9E64CDE718BC8BB90043926E /* Main.storyboard */ = {
			isa = PBXVariantGroup;
			children = (
				9E64CDE818BC8BB90043926E /* Base */,
			);
			name = Main.storyboard;
			sourceTree = "<group>";
		};
		9E64CDFD18BC8BB90043926E /* InfoPlist.strings */ = {
			isa = PBXVariantGroup;
			children = (
				9E64CDFE18BC8BB90043926E /* en */,
			);
			name = InfoPlist.strings;
			sourceTree = "<group>";
		};
/* End PBXVariantGroup section */

/* Begin XCBuildConfiguration section */
		9E64CE0218BC8BB90043926E /* Debug */ = {
			isa = XCBuildConfiguration;
			buildSettings = {
				ALWAYS_SEARCH_USER_PATHS = NO;
				CLANG_CXX_LANGUAGE_STANDARD = "gnu++0x";
				CLANG_CXX_LIBRARY = "libc++";
				CLANG_ENABLE_MODULES = YES;
				CLANG_ENABLE_OBJC_ARC = YES;
				CLANG_WARN_BOOL_CONVERSION = YES;
				CLANG_WARN_CONSTANT_CONVERSION = YES;
				CLANG_WARN_DIRECT_OBJC_ISA_USAGE = YES_ERROR;
				CLANG_WARN_EMPTY_BODY = YES;
				CLANG_WARN_ENUM_CONVERSION = YES;
				CLANG_WARN_INT_CONVERSION = YES;
				CLANG_WARN_OBJC_ROOT_CLASS = YES_ERROR;
				CLANG_WARN__DUPLICATE_METHOD_MATCH = YES;
				"CODE_SIGN_IDENTITY[sdk=iphoneos*]" = "iPhone Developer";
				COPY_PHASE_STRIP = NO;
				GCC_C_LANGUAGE_STANDARD = gnu99;
				GCC_DYNAMIC_NO_PIC = NO;
				GCC_OPTIMIZATION_LEVEL = 0;
				GCC_PREPROCESSOR_DEFINITIONS = (
					"DEBUG=1",
					"$(inherited)",
				);
				GCC_SYMBOLS_PRIVATE_EXTERN = NO;
				GCC_WARN_64_TO_32_BIT_CONVERSION = YES;
				GCC_WARN_ABOUT_RETURN_TYPE = YES_ERROR;
				GCC_WARN_UNDECLARED_SELECTOR = YES;
				GCC_WARN_UNINITIALIZED_AUTOS = YES;
				GCC_WARN_UNUSED_FUNCTION = YES;
				GCC_WARN_UNUSED_VARIABLE = YES;
				IPHONEOS_DEPLOYMENT_TARGET = 7.0;
				ONLY_ACTIVE_ARCH = YES;
				SDKROOT = iphoneos;
			};
			name = Debug;
		};
		9E64CE0318BC8BB90043926E /* Release */ = {
			isa = XCBuildConfiguration;
			buildSettings = {
				ALWAYS_SEARCH_USER_PATHS = NO;
				CLANG_CXX_LANGUAGE_STANDARD = "gnu++0x";
				CLANG_CXX_LIBRARY = "libc++";
				CLANG_ENABLE_MODULES = YES;
				CLANG_ENABLE_OBJC_ARC = YES;
				CLANG_WARN_BOOL_CONVERSION = YES;
				CLANG_WARN_CONSTANT_CONVERSION = YES;
				CLANG_WARN_DIRECT_OBJC_ISA_USAGE = YES_ERROR;
				CLANG_WARN_EMPTY_BODY = YES;
				CLANG_WARN_ENUM_CONVERSION = YES;
				CLANG_WARN_INT_CONVERSION = YES;
				CLANG_WARN_OBJC_ROOT_CLASS = YES_ERROR;
				CLANG_WARN__DUPLICATE_METHOD_MATCH = YES;
				"CODE_SIGN_IDENTITY[sdk=iphoneos*]" = "iPhone Developer";
				COPY_PHASE_STRIP = YES;
				ENABLE_NS_ASSERTIONS = NO;
				GCC_C_LANGUAGE_STANDARD = gnu99;
				GCC_WARN_64_TO_32_BIT_CONVERSION = YES;
				GCC_WARN_ABOUT_RETURN_TYPE = YES_ERROR;
				GCC_WARN_UNDECLARED_SELECTOR = YES;
				GCC_WARN_UNINITIALIZED_AUTOS = YES;
				GCC_WARN_UNUSED_FUNCTION = YES;
				GCC_WARN_UNUSED_VARIABLE = YES;
				IPHONEOS_DEPLOYMENT_TARGET = 7.0;
				SDKROOT = iphoneos;
				VALIDATE_PRODUCT = YES;
			};
			name = Release;
		};
		9E64CE0518BC8BB90043926E /* Debug */ = {
			isa = XCBuildConfiguration;
			baseConfigurationReference = 86C200B1F195462D8FFD62D8 /* Pods-StredmiOS.xcconfig */;
			buildSettings = {
				ASSETCATALOG_COMPILER_APPICON_NAME = AppIcon;
				ASSETCATALOG_COMPILER_LAUNCHIMAGE_NAME = LaunchImage;
				CODE_SIGN_IDENTITY = "iPhone Developer";
				"CODE_SIGN_IDENTITY[sdk=iphoneos*]" = "iPhone Developer";
				FRAMEWORK_SEARCH_PATHS = (
					"$(inherited)",
					"$(PROJECT_DIR)",
				);
				GCC_PRECOMPILE_PREFIX_HEADER = YES;
				GCC_PREFIX_HEADER = "StredmiOS/StredmiOS-Prefix.pch";
				HEADER_SEARCH_PATHS = (
					"\"${PODS_ROOT}/Headers\"",
					"\"${PODS_ROOT}/Headers/ECSlidingViewController\"",
				);
				INFOPLIST_FILE = "$(SRCROOT)/StredmiOS/StredmiOS-Info.plist";
				PRODUCT_NAME = "$(TARGET_NAME)";
				PROVISIONING_PROFILE = "B381244D-7C7D-4456-86D0-7AC358262577";
				TARGETED_DEVICE_FAMILY = 1;
				WRAPPER_EXTENSION = app;
			};
			name = Debug;
		};
		9E64CE0618BC8BB90043926E /* Release */ = {
			isa = XCBuildConfiguration;
			baseConfigurationReference = 86C200B1F195462D8FFD62D8 /* Pods-StredmiOS.xcconfig */;
			buildSettings = {
				ASSETCATALOG_COMPILER_APPICON_NAME = AppIcon;
				ASSETCATALOG_COMPILER_LAUNCHIMAGE_NAME = LaunchImage;
				CODE_SIGN_IDENTITY = "iPhone Distribution: Jesus Najera (7JQM8M6QG2)";
				"CODE_SIGN_IDENTITY[sdk=iphoneos*]" = "iPhone Distribution: Jesus Najera (7JQM8M6QG2)";
				FRAMEWORK_SEARCH_PATHS = (
					"$(inherited)",
					"$(PROJECT_DIR)",
				);
				GCC_PRECOMPILE_PREFIX_HEADER = YES;
				GCC_PREFIX_HEADER = "StredmiOS/StredmiOS-Prefix.pch";
				INFOPLIST_FILE = "$(SRCROOT)/StredmiOS/StredmiOS-Info.plist";
				PRODUCT_NAME = "$(TARGET_NAME)";
				PROVISIONING_PROFILE = "29E6897E-BB72-4C85-A124-5598C03F9E17";
				TARGETED_DEVICE_FAMILY = 1;
				WRAPPER_EXTENSION = app;
			};
			name = Release;
		};
		9E64CE0818BC8BB90043926E /* Debug */ = {
			isa = XCBuildConfiguration;
			baseConfigurationReference = FCAE31B8CAA443559BD537EC /* Pods-StredmiOSTests.xcconfig */;
			buildSettings = {
				BUNDLE_LOADER = "$(BUILT_PRODUCTS_DIR)/StredmiOS.app/StredmiOS";
				FRAMEWORK_SEARCH_PATHS = (
					"$(SDKROOT)/Developer/Library/Frameworks",
					"$(inherited)",
					"$(DEVELOPER_FRAMEWORKS_DIR)",
				);
				GCC_PRECOMPILE_PREFIX_HEADER = YES;
				GCC_PREFIX_HEADER = "StredmiOS/StredmiOS-Prefix.pch";
				GCC_PREPROCESSOR_DEFINITIONS = (
					"DEBUG=1",
					"$(inherited)",
				);
				INFOPLIST_FILE = "StredmiOSTests/StredmiOSTests-Info.plist";
				PRODUCT_NAME = "$(TARGET_NAME)";
				TEST_HOST = "$(BUNDLE_LOADER)";
				WRAPPER_EXTENSION = xctest;
			};
			name = Debug;
		};
		9E64CE0918BC8BB90043926E /* Release */ = {
			isa = XCBuildConfiguration;
			baseConfigurationReference = FCAE31B8CAA443559BD537EC /* Pods-StredmiOSTests.xcconfig */;
			buildSettings = {
				BUNDLE_LOADER = "$(BUILT_PRODUCTS_DIR)/StredmiOS.app/StredmiOS";
				FRAMEWORK_SEARCH_PATHS = (
					"$(SDKROOT)/Developer/Library/Frameworks",
					"$(inherited)",
					"$(DEVELOPER_FRAMEWORKS_DIR)",
				);
				GCC_PRECOMPILE_PREFIX_HEADER = YES;
				GCC_PREFIX_HEADER = "StredmiOS/StredmiOS-Prefix.pch";
				INFOPLIST_FILE = "StredmiOSTests/StredmiOSTests-Info.plist";
				PRODUCT_NAME = "$(TARGET_NAME)";
				TEST_HOST = "$(BUNDLE_LOADER)";
				WRAPPER_EXTENSION = xctest;
			};
			name = Release;
		};
/* End XCBuildConfiguration section */

/* Begin XCConfigurationList section */
		9E64CDCD18BC8BB80043926E /* Build configuration list for PBXProject "StredmiOS" */ = {
			isa = XCConfigurationList;
			buildConfigurations = (
				9E64CE0218BC8BB90043926E /* Debug */,
				9E64CE0318BC8BB90043926E /* Release */,
			);
			defaultConfigurationIsVisible = 0;
			defaultConfigurationName = Release;
		};
		9E64CE0418BC8BB90043926E /* Build configuration list for PBXNativeTarget "StredmiOS" */ = {
			isa = XCConfigurationList;
			buildConfigurations = (
				9E64CE0518BC8BB90043926E /* Debug */,
				9E64CE0618BC8BB90043926E /* Release */,
			);
			defaultConfigurationIsVisible = 0;
			defaultConfigurationName = Release;
		};
		9E64CE0718BC8BB90043926E /* Build configuration list for PBXNativeTarget "StredmiOSTests" */ = {
			isa = XCConfigurationList;
			buildConfigurations = (
				9E64CE0818BC8BB90043926E /* Debug */,
				9E64CE0918BC8BB90043926E /* Release */,
			);
			defaultConfigurationIsVisible = 0;
			defaultConfigurationName = Release;
		};
/* End XCConfigurationList section */
	};
	rootObject = 9E64CDCA18BC8BB80043926E /* Project object */;
}
